
Microsoft Visual Studio Solution File, Format Version 12.00
# Visual Studio Version 17
VisualStudioVersion = 17.3.32811.315
MinimumVisualStudioVersion = 10.0.40219.1
Project("{9A19103F-16F7-4668-BE54-9A1E7A4F7556}") = "ClinicScheduleApp", "ClinicScheduleApp\ClinicScheduleApp.csproj", "{0BE6E2CF-8264-4414-B821-3CED7324C09D}"
EndProject
Project("{9A19103F-16F7-4668-BE54-9A1E7A4F7556}") = "ClinicSchedule", "ClinicSchedule\ClinicSchedule.csproj", "{09077C3B-61B4-41D1-842A-BEE434243A04}"
EndProject
Project("{FAE04EC0-301F-11D3-BF4B-00C04F79EFBC}") = "ClinicSchedule.Tests", "ClinicSchedule.Tests\ClinicSchedule.Tests.csproj", "{AC811914-E2B5-47FA-88D3-E9706B1A83A6}"
EndProject
Global
	GlobalSection(SolutionConfigurationPlatforms) = preSolution
		Debug|Any CPU = Debug|Any CPU
		Release|Any CPU = Release|Any CPU
	EndGlobalSection
	GlobalSection(ProjectConfigurationPlatforms) = postSolution
		{0BE6E2CF-8264-4414-B821-3CED7324C09D}.Debug|Any CPU.ActiveCfg = Debug|Any CPU
		{0BE6E2CF-8264-4414-B821-3CED7324C09D}.Debug|Any CPU.Build.0 = Debug|Any CPU
		{0BE6E2CF-8264-4414-B821-3CED7324C09D}.Release|Any CPU.ActiveCfg = Release|Any CPU
		{0BE6E2CF-8264-4414-B821-3CED7324C09D}.Release|Any CPU.Build.0 = Release|Any CPU
		{09077C3B-61B4-41D1-842A-BEE434243A04}.Debug|Any CPU.ActiveCfg = Debug|Any CPU
		{09077C3B-61B4-41D1-842A-BEE434243A04}.Debug|Any CPU.Build.0 = Debug|Any CPU
		{09077C3B-61B4-41D1-842A-BEE434243A04}.Release|Any CPU.ActiveCfg = Release|Any CPU
		{09077C3B-61B4-41D1-842A-BEE434243A04}.Release|Any CPU.Build.0 = Release|Any CPU
		{AC811914-E2B5-47FA-88D3-E9706B1A83A6}.Debug|Any CPU.ActiveCfg = Debug|Any CPU
		{AC811914-E2B5-47FA-88D3-E9706B1A83A6}.Debug|Any CPU.Build.0 = Debug|Any CPU
		{AC811914-E2B5-47FA-88D3-E9706B1A83A6}.Release|Any CPU.ActiveCfg = Release|Any CPU
		{AC811914-E2B5-47FA-88D3-E9706B1A83A6}.Release|Any CPU.Build.0 = Release|Any CPU
	EndGlobalSection
	GlobalSection(SolutionProperties) = preSolution
		HideSolutionNode = FALSE
	EndGlobalSection
	GlobalSection(ExtensibilityGlobals) = postSolution
		SolutionGuid = {AC3307A6-A068-4E7E-AFE8-5902AE70F2E5}
	EndGlobalSection
EndGlobal
